
Microsoft Visual Studio Solution File, Format Version 12.00
# Visual Studio Version 17
VisualStudioVersion = 17.11.35303.130
MinimumVisualStudioVersion = 10.0.40219.1
Project("{FAE04EC0-301F-11D3-BF4B-00C04F79EFBC}") = "EntityTask1", "EntityTask1\EntityTask1.csproj", "{2952E146-514B-4053-8554-1D2D40BE6A9D}"
EndProject
Global
	GlobalSection(SolutionConfigurationPlatforms) = preSolution
		Debug|Any CPU = Debug|Any CPU
		Release|Any CPU = Release|Any CPU
	EndGlobalSection
	GlobalSection(ProjectConfigurationPlatforms) = postSolution
		{2952E146-514B-4053-8554-1D2D40BE6A9D}.Debug|Any CPU.ActiveCfg = Debug|Any CPU
		{2952E146-514B-4053-8554-1D2D40BE6A9D}.Debug|Any CPU.Build.0 = Debug|Any CPU
		{2952E146-514B-4053-8554-1D2D40BE6A9D}.Release|Any CPU.ActiveCfg = Release|Any CPU
		{2952E146-514B-4053-8554-1D2D40BE6A9D}.Release|Any CPU.Build.0 = Release|Any CPU
	EndGlobalSection
	GlobalSection(SolutionProperties) = preSolution
		HideSolutionNode = FALSE
	EndGlobalSection
	GlobalSection(ExtensibilityGlobals) = postSolution
		SolutionGuid = {6D3754AA-1CF7-49EE-B6E4-9F24D06437B3}
	EndGlobalSection
EndGlobal
